
Microsoft Visual Studio Solution File, Format Version 12.00
# Visual Studio Version 17
VisualStudioVersion = 17.4.33122.133
MinimumVisualStudioVersion = 10.0.40219.1
Project("{888888A0-9F3D-457C-B088-3A5042F75D52}") = "PasswordGen", "PasswordGen.pyproj", "{ECF3C02F-3322-465B-B835-7B9554171809}"
EndProject
Global
	GlobalSection(SolutionConfigurationPlatforms) = preSolution
		Debug|Any CPU = Debug|Any CPU
		Release|Any CPU = Release|Any CPU
	EndGlobalSection
	GlobalSection(ProjectConfigurationPlatforms) = postSolution
		{ECF3C02F-3322-465B-B835-7B9554171809}.Debug|Any CPU.ActiveCfg = Debug|Any CPU
		{ECF3C02F-3322-465B-B835-7B9554171809}.Release|Any CPU.ActiveCfg = Release|Any CPU
	EndGlobalSection
	GlobalSection(SolutionProperties) = preSolution
		HideSolutionNode = FALSE
	EndGlobalSection
	GlobalSection(ExtensibilityGlobals) = postSolution
		SolutionGuid = {DD60DB8D-4CD8-4AAD-BA3D-1FD4B2834C4C}
	EndGlobalSection
EndGlobal
